<Solution>
  <Folder Name="/BackendServer/">
    <Project Path="UpdateHub.BackendServer/UpdateHub.BackendServer.csproj" />
    <Project Path="UpdateHub.Backend.Tests/UpdateHub.Backend.Tests.csproj" Id="7f3029b8-ad8a-4973-8eb7-30950425b1ed" />
  </Folder>
  <Folder Name="/FrontendServer/">
    <Project Path="UpdateHub.Frontend.Tests/UpdateHub.Frontend.Tests.csproj" />
    <Project Path="UpdateHub.FrontendServer/UpdateHub.FrontendServer.csproj" />
  </Folder>
  <Project Path="UpdateHub.Shared/UpdateHub.Shared.csproj" />
</Solution>
